
Microsoft Visual Studio Solution File, Format Version 12.00
Project("{FAE04EC0-301F-11D3-BF4B-00C04F79EFBC}") = "Barbershop.Web", "Barbershop.Web\Barbershop.Web.csproj", "{197BB9AB-82D4-41DD-8017-31BA3660B3FF}"
EndProject
Global
	GlobalSection(SolutionConfigurationPlatforms) = preSolution
		Debug|Any CPU = Debug|Any CPU
		Release|Any CPU = Release|Any CPU
	EndGlobalSection
	GlobalSection(ProjectConfigurationPlatforms) = postSolution
		{197BB9AB-82D4-41DD-8017-31BA3660B3FF}.Debug|Any CPU.ActiveCfg = Debug|Any CPU
		{197BB9AB-82D4-41DD-8017-31BA3660B3FF}.Debug|Any CPU.Build.0 = Debug|Any CPU
		{197BB9AB-82D4-41DD-8017-31BA3660B3FF}.Release|Any CPU.ActiveCfg = Release|Any CPU
		{197BB9AB-82D4-41DD-8017-31BA3660B3FF}.Release|Any CPU.Build.0 = Release|Any CPU
	EndGlobalSection
EndGlobal
